
Microsoft Visual Studio Solution File, Format Version 12.00
# Visual Studio Version 17
VisualStudioVersion = 17.5.002.0
MinimumVisualStudioVersion = 10.0.40219.1
Project("{9A19103F-16F7-4668-BE54-9A1E7A4F7556}") = "Esercizio login user", "Esercizio login user.csproj", "{053C077C-4F02-457F-946E-C84C15B9BD0F}"
EndProject
Global
	GlobalSection(SolutionConfigurationPlatforms) = preSolution
		Debug|Any CPU = Debug|Any CPU
		Release|Any CPU = Release|Any CPU
	EndGlobalSection
	GlobalSection(ProjectConfigurationPlatforms) = postSolution
		{053C077C-4F02-457F-946E-C84C15B9BD0F}.Debug|Any CPU.ActiveCfg = Debug|Any CPU
		{053C077C-4F02-457F-946E-C84C15B9BD0F}.Debug|Any CPU.Build.0 = Debug|Any CPU
		{053C077C-4F02-457F-946E-C84C15B9BD0F}.Release|Any CPU.ActiveCfg = Release|Any CPU
		{053C077C-4F02-457F-946E-C84C15B9BD0F}.Release|Any CPU.Build.0 = Release|Any CPU
	EndGlobalSection
	GlobalSection(SolutionProperties) = preSolution
		HideSolutionNode = FALSE
	EndGlobalSection
	GlobalSection(ExtensibilityGlobals) = postSolution
		SolutionGuid = {02E98DBD-A67F-426C-946B-E32D2CB8398B}
	EndGlobalSection
EndGlobal
